
Microsoft Visual Studio Solution File, Format Version 12.00
# Visual Studio Version 16
VisualStudioVersion = 16.0.29123.88
MinimumVisualStudioVersion = 10.0.40219.1
Project("{FAE04EC0-301F-11D3-BF4B-00C04F79EFBC}") = "ThreadFileReader", "ThreadFileReader.csproj", "{6FAE16E5-055B-43BB-AE67-B5A2EFD5755C}"
EndProject
Global
	GlobalSection(SolutionConfigurationPlatforms) = preSolution
		Debug|Any CPU = Debug|Any CPU
		Release|Any CPU = Release|Any CPU
	EndGlobalSection
	GlobalSection(ProjectConfigurationPlatforms) = postSolution
		{6FAE16E5-055B-43BB-AE67-B5A2EFD5755C}.Debug|Any CPU.ActiveCfg = Debug|Any CPU
		{6FAE16E5-055B-43BB-AE67-B5A2EFD5755C}.Debug|Any CPU.Build.0 = Debug|Any CPU
		{6FAE16E5-055B-43BB-AE67-B5A2EFD5755C}.Release|Any CPU.ActiveCfg = Release|Any CPU
		{6FAE16E5-055B-43BB-AE67-B5A2EFD5755C}.Release|Any CPU.Build.0 = Release|Any CPU
	EndGlobalSection
	GlobalSection(SolutionProperties) = preSolution
		HideSolutionNode = FALSE
	EndGlobalSection
	GlobalSection(ExtensibilityGlobals) = postSolution
		SolutionGuid = {873919BB-3531-4364-9034-C8CCFBEF0ED5}
	EndGlobalSection
EndGlobal
